<?xml version="1.0" encoding="utf-8"?>
<Project ToolsVersion="4.0" xmlns="http://schemas.microsoft.com/developer/msbuild/2003">
  <ItemGroup>
    <Filter Include="Main">
      <UniqueIdentifier>{5aed8efd-55dd-493b-ae62-7922df8b047c}</UniqueIdentifier>
    </Filter>
    <Filter Include="Engine">
      <UniqueIdentifier>{5beb5d2a-2ebd-4ec8-a0b4-ebdef2914e0d}</UniqueIdentifier>
    </Filter>
    <Filter Include="Math">
      <UniqueIdentifier>{393f5ef0-2c51-43b8-904a-c66563a9d831}</UniqueIdentifier>
    </Filter>
    <Filter Include="Engine\Shader managers">
      <UniqueIdentifier>{8234e595-1252-4c98-b4d8-724735a5cc04}</UniqueIdentifier>
    </Filter>
    <Filter Include="Engine\Buffer managers">
      <UniqueIdentifier>{480a53a7-34fb-4653-a0a3-d9ecf37b9b8a}</UniqueIdentifier>
    </Filter>
    <Filter Include="Engine\Main parts">
      <UniqueIdentifier>{03562819-9250-4477-b3fd-b1f769b73492}</UniqueIdentifier>
    </Filter>
    <Filter Include="Engine\Resource managers">
      <UniqueIdentifier>{86d2f440-57b9-400f-95e1-51e775cfb365}</UniqueIdentifier>
    </Filter>
    <Filter Include="Engine\Shaders">
      <UniqueIdentifier>{454f8ea8-1d07-46dd-beeb-b9ec478e41c9}</UniqueIdentifier>
    </Filter>
    <Filter Include="Engine\Component">
      <UniqueIdentifier>{eb58bc3a-6eba-43a9-b381-74b88e9e16a3}</UniqueIdentifier>
    </Filter>
    <Filter Include="Engine\Physics">
      <UniqueIdentifier>{dc36393a-620b-41d3-8e94-78aad584b17c}</UniqueIdentifier>
    </Filter>
    <Filter Include="Engine\Scene">
      <UniqueIdentifier>{d3e46fb6-c21d-430c-81f6-e97ca6a1db0d}</UniqueIdentifier>
    </Filter>
    <Filter Include="Application">
      <UniqueIdentifier>{88b315ef-b414-42e7-b9d7-95cd7c664e9b}</UniqueIdentifier>
    </Filter>
    <Filter Include="Application\Components">
      <UniqueIdentifier>{7bffffb7-dfe8-49f0-985d-e905a824e73f}</UniqueIdentifier>
    </Filter>
    <Filter Include="Application\Scenes">
      <UniqueIdentifier>{31700bce-ca91-4d64-9c28-2834930cc99a}</UniqueIdentifier>
    </Filter>
  </ItemGroup>
  <ItemGroup>
    <ClCompile Include="src\Main\Main.cpp">
      <Filter>Main</Filter>
    </ClCompile>
    <ClCompile Include="src\Main\AppWindow.cpp">
      <Filter>Main</Filter>
    </ClCompile>
    <ClCompile Include="src\Engine\Buffer managers\VertexBuffer.cpp">
      <Filter>Engine\Buffer managers</Filter>
    </ClCompile>
    <ClCompile Include="src\Engine\Buffer managers\IndexBuffer.cpp">
      <Filter>Engine\Buffer managers</Filter>
    </ClCompile>
    <ClCompile Include="src\Engine\Buffer managers\ConstantBuffer.cpp">
      <Filter>Engine\Buffer managers</Filter>
    </ClCompile>
    <ClCompile Include="src\Engine\Shader managers\PixelShader.cpp">
      <Filter>Engine\Shader managers</Filter>
    </ClCompile>
    <ClCompile Include="src\Engine\Shader managers\VertexShader.cpp">
      <Filter>Engine\Shader managers</Filter>
    </ClCompile>
    <ClCompile Include="src\Engine\Main parts\DeviceContext.cpp">
      <Filter>Engine\Main parts</Filter>
    </ClCompile>
    <ClCompile Include="src\Engine\Main parts\GraphicsEngine.cpp">
      <Filter>Engine\Main parts</Filter>
    </ClCompile>
    <ClCompile Include="src\Engine\Main parts\Window.cpp">
      <Filter>Engine\Main parts</Filter>
    </ClCompile>
    <ClCompile Include="src\Engine\Main parts\SwapChain.cpp">
      <Filter>Engine\Main parts</Filter>
    </ClCompile>
    <ClCompile Include="src\Engine\Resource managers\ResourceManager.cpp">
      <Filter>Engine\Resource managers</Filter>
    </ClCompile>
    <ClCompile Include="src\Engine\Resource managers\Texture.cpp">
      <Filter>Engine\Resource managers</Filter>
    </ClCompile>
    <ClCompile Include="src\Engine\Main parts\Input.cpp">
      <Filter>Engine\Main parts</Filter>
    </ClCompile>
    <ClCompile Include="src\Engine\Resource managers\Resource.cpp">
      <Filter>Engine\Resource managers</Filter>
    </ClCompile>
    <ClCompile Include="src\Engine\Resource managers\Mesh.cpp">
      <Filter>Engine\Resource managers</Filter>
    </ClCompile>
    <ClCompile Include="src\Engine\Resource managers\TextureManager.cpp">
      <Filter>Engine\Resource managers</Filter>
    </ClCompile>
    <ClCompile Include="src\Engine\Resource managers\MeshManager.cpp">
      <Filter>Engine\Resource managers</Filter>
    </ClCompile>
    <ClCompile Include="src\Engine\Resource managers\Material.cpp">
      <Filter>Engine\Resource managers</Filter>
    </ClCompile>
    <ClCompile Include="src\Engine\Resource managers\GlobalResources.cpp">
      <Filter>Engine\Resource managers</Filter>
    </ClCompile>
    <ClCompile Include="src\Engine\Entity\Component.cpp">
      <Filter>Engine\Component</Filter>
    </ClCompile>
    <ClCompile Include="src\Engine\Entity\Transform.cpp">
      <Filter>Engine\Component</Filter>
    </ClCompile>
    <ClCompile Include="src\Engine\Main parts\EntityManager.cpp">
      <Filter>Engine\Resource managers</Filter>
    </ClCompile>
    <ClCompile Include="src\Engine\Main parts\EngineTime.cpp">
      <Filter>Engine\Main parts</Filter>
    </ClCompile>
    <ClCompile Include="src\Engine\Entity\Camera.cpp">
      <Filter>Engine\Component</Filter>
    </ClCompile>
    <ClCompile Include="src\Engine\Entity\FreelookCameraController.cpp">
      <Filter>Engine\Component</Filter>
    </ClCompile>
    <ClCompile Include="src\Engine\Physics\PhysicsEngine.cpp">
      <Filter>Engine\Physics</Filter>
    </ClCompile>
    <ClCompile Include="src\Engine\Entity\RigidBody.cpp">
      <Filter>Engine\Component</Filter>
    </ClCompile>
    <ClCompile Include="src\Engine\Resource managers\ConvexMesh.cpp">
      <Filter>Engine\Resource managers</Filter>
    </ClCompile>
    <ClCompile Include="src\Engine\Resource managers\ConvexMeshManager.cpp">
      <Filter>Engine\Resource managers</Filter>
    </ClCompile>
    <ClCompile Include="src\Engine\Entity\Entity.cpp">
      <Filter>Engine\Component</Filter>
    </ClCompile>
    <ClCompile Include="src\Engine\Entity\MeshRenderer.cpp">
      <Filter>Engine\Component</Filter>
    </ClCompile>
    <ClCompile Include="src\Engine\Entity\Renderer.cpp">
      <Filter>Engine\Component</Filter>
    </ClCompile>
    <ClCompile Include="src\Engine\Entity\SkySphere.cpp">
      <Filter>Engine\Component</Filter>
    </ClCompile>
    <ClCompile Include="src\Engine\Scene\Scene.cpp">
      <Filter>Engine\Scene</Filter>
    </ClCompile>
    <ClCompile Include="src\Engine\Scene\SceneManager.cpp">
      <Filter>Engine\Scene</Filter>
    </ClCompile>
    <ClCompile Include="Demo\Components\SceneChanger.cpp">
      <Filter>Application\Components</Filter>
    </ClCompile>
    <ClCompile Include="Demo\Scenes\MainScene.cpp">
      <Filter>Application\Scenes</Filter>
    </ClCompile>
    <ClCompile Include="Demo\Scenes\Scene1.cpp">
      <Filter>Application\Scenes</Filter>
    </ClCompile>
    <ClCompile Include="src\Engine\Entity\Prefab.cpp">
      <Filter>Engine\Component</Filter>
    </ClCompile>
    <ClCompile Include="src\Engine\Entity\Collider.cpp">
      <Filter>Engine\Component</Filter>
    </ClCompile>
    <ClCompile Include="src\Engine\Entity\MeshCollider.cpp">
      <Filter>Engine\Component</Filter>
    </ClCompile>
    <ClCompile Include="src\Engine\Entity\SphereCollider.cpp">
      <Filter>Engine\Component</Filter>
    </ClCompile>
    <ClCompile Include="src\Engine\Entity\PlaneCollider.cpp">
      <Filter>Engine\Component</Filter>
    </ClCompile>
    <ClCompile Include="src\Engine\Physics\Physics.cpp">
      <Filter>Engine\Physics</Filter>
    </ClCompile>
    <ClCompile Include="Demo\Components\DemoPlayer.cpp">
      <Filter>Application\Components</Filter>
    </ClCompile>
    <ClCompile Include="Demo\Components\InstantiationTest.cpp">
      <Filter>Application\Components</Filter>
    </ClCompile>
    <ClCompile Include="Demo\Components\CarComponent.cpp">
      <Filter>Application\Components</Filter>
    </ClCompile>
    <ClCompile Include="Demo\Components\FollowComponent.cpp" />
    <ClCompile Include="Demo\Components\FrameCounter.cpp" />
    <ClCompile Include="Demo\Scenes\ScenePerformanceTest.cpp" />
    <ClCompile Include="Demo\Components\ObjectSpawner.cpp" />
  </ItemGroup>
  <ItemGroup>
    <ClInclude Include="src\Main\AppWindow.h">
      <Filter>Main</Filter>
    </ClInclude>
    <ClInclude Include="src\Math\Vector3.h">
      <Filter>Math</Filter>
    </ClInclude>
    <ClInclude Include="src\Math\Matrix.h">
      <Filter>Math</Filter>
    </ClInclude>
    <ClInclude Include="src\Math\Vector2.h">
      <Filter>Math</Filter>
    </ClInclude>
    <ClInclude Include="src\Math\Vector4.h">
      <Filter>Math</Filter>
    </ClInclude>
    <ClInclude Include="src\Engine\Buffer managers\VertexBuffer.h">
      <Filter>Engine\Buffer managers</Filter>
    </ClInclude>
    <ClInclude Include="src\Engine\Buffer managers\IndexBuffer.h">
      <Filter>Engine\Buffer managers</Filter>
    </ClInclude>
    <ClInclude Include="src\Engine\Buffer managers\ConstantBuffer.h">
      <Filter>Engine\Buffer managers</Filter>
    </ClInclude>
    <ClInclude Include="src\Engine\Shader managers\PixelShader.h">
      <Filter>Engine\Shader managers</Filter>
    </ClInclude>
    <ClInclude Include="src\Engine\Shader managers\VertexShader.h">
      <Filter>Engine\Shader managers</Filter>
    </ClInclude>
    <ClInclude Include="src\Engine\Main parts\Window.h">
      <Filter>Engine\Main parts</Filter>
    </ClInclude>
    <ClInclude Include="src\Engine\Main parts\SwapChain.h">
      <Filter>Engine\Main parts</Filter>
    </ClInclude>
    <ClInclude Include="src\Engine\Main parts\GraphicsEngine.h">
      <Filter>Engine\Main parts</Filter>
    </ClInclude>
    <ClInclude Include="src\Engine\Main parts\DeviceContext.h">
      <Filter>Engine\Main parts</Filter>
    </ClInclude>
    <ClInclude Include="src\Engine\Resource managers\ResourceManager.h">
      <Filter>Engine\Resource managers</Filter>
    </ClInclude>
    <ClInclude Include="src\Engine\Resource managers\Texture.h">
      <Filter>Engine\Resource managers</Filter>
    </ClInclude>
    <ClInclude Include="src\Engine\Main parts\Input.h">
      <Filter>Engine\Main parts</Filter>
    </ClInclude>
    <ClInclude Include="src\Engine\Resource managers\Resource.h">
      <Filter>Engine\Resource managers</Filter>
    </ClInclude>
    <ClInclude Include="src\Engine\Resource managers\Mesh.h">
      <Filter>Engine\Resource managers</Filter>
    </ClInclude>
    <ClInclude Include="src\Engine\Resource managers\TextureManager.h">
      <Filter>Engine\Resource managers</Filter>
    </ClInclude>
    <ClInclude Include="src\Engine\Resource managers\MeshManager.h">
      <Filter>Engine\Resource managers</Filter>
    </ClInclude>
    <ClInclude Include="src\Engine\Resource managers\Material.h">
      <Filter>Engine\Resource managers</Filter>
    </ClInclude>
    <ClInclude Include="src\Engine\Resource managers\GlobalResources.h">
      <Filter>Engine\Resource managers</Filter>
    </ClInclude>
    <ClInclude Include="src\Engine\Entity\Component.h">
      <Filter>Engine\Component</Filter>
    </ClInclude>
    <ClInclude Include="src\Engine\Entity\Transform.h">
      <Filter>Engine\Component</Filter>
    </ClInclude>
    <ClInclude Include="src\Engine\Main parts\EntityManager.h">
      <Filter>Engine\Resource managers</Filter>
    </ClInclude>
    <ClInclude Include="src\Engine\Entity\Camera.h">
      <Filter>Engine\Component</Filter>
    </ClInclude>
    <ClInclude Include="src\Engine\Main parts\EngineTime.h">
      <Filter>Engine\Main parts</Filter>
    </ClInclude>
    <ClInclude Include="src\Engine\Entity\FreelookCameraController.h">
      <Filter>Engine\Component</Filter>
    </ClInclude>
    <ClInclude Include="src\Engine\Physics\PhysicsEngine.h">
      <Filter>Engine\Physics</Filter>
    </ClInclude>
    <ClInclude Include="src\Engine\Entity\RigidBody.h">
      <Filter>Engine\Component</Filter>
    </ClInclude>
    <ClInclude Include="src\Math\Quaternion.h">
      <Filter>Math</Filter>
    </ClInclude>
    <ClInclude Include="src\Engine\Resource managers\ConvexMesh.h">
      <Filter>Engine\Resource managers</Filter>
    </ClInclude>
    <ClInclude Include="src\Engine\Resource managers\ConvexMeshManager.h">
      <Filter>Engine\Resource managers</Filter>
    </ClInclude>
    <ClInclude Include="src\Engine\Entity\Entity.h">
      <Filter>Engine\Component</Filter>
    </ClInclude>
    <ClInclude Include="src\Engine\Entity\MeshRenderer.h">
      <Filter>Engine\Component</Filter>
    </ClInclude>
    <ClInclude Include="src\Engine\Entity\Renderer.h">
      <Filter>Engine\Component</Filter>
    </ClInclude>
    <ClInclude Include="src\Engine\Entity\SkySphere.h">
      <Filter>Engine\Component</Filter>
    </ClInclude>
    <ClInclude Include="src\Engine\Scene\Scene.h">
      <Filter>Engine\Scene</Filter>
    </ClInclude>
    <ClInclude Include="src\Engine\Scene\SceneManager.h">
      <Filter>Engine\Scene</Filter>
    </ClInclude>
    <ClInclude Include="Demo\Components\SceneChanger.h">
      <Filter>Application\Components</Filter>
    </ClInclude>
    <ClInclude Include="Demo\Scenes\MainScene.h">
      <Filter>Application\Scenes</Filter>
    </ClInclude>
    <ClInclude Include="Demo\Scenes\Scene1.h">
      <Filter>Application\Scenes</Filter>
    </ClInclude>
    <ClInclude Include="src\Engine\Entity\Prefab.h">
      <Filter>Engine\Component</Filter>
    </ClInclude>
    <ClInclude Include="src\Engine\Entity\Collider.h">
      <Filter>Engine\Component</Filter>
    </ClInclude>
    <ClInclude Include="src\Engine\Entity\MeshCollider.h">
      <Filter>Engine\Component</Filter>
    </ClInclude>
    <ClInclude Include="src\Engine\Entity\SphereCollider.h">
      <Filter>Engine\Component</Filter>
    </ClInclude>
    <ClInclude Include="src\Engine\Entity\PlaneCollider.h">
      <Filter>Engine\Component</Filter>
    </ClInclude>
    <ClInclude Include="src\Engine\Physics\Physics.h">
      <Filter>Engine\Physics</Filter>
    </ClInclude>
    <ClInclude Include="Demo\Components\DemoPlayer.h">
      <Filter>Application\Components</Filter>
    </ClInclude>
    <ClInclude Include="Demo\Components\InstantiationTest.h">
      <Filter>Application\Components</Filter>
    </ClInclude>
    <ClInclude Include="Demo\Components\CarComponent.h">
      <Filter>Application\Components</Filter>
    </ClInclude>
    <ClInclude Include="Demo\Components\FollowComponent.h" />
    <ClInclude Include="Demo\Components\FrameCounter.h" />
    <ClInclude Include="Demo\Scenes\ScenePerformanceTest.h" />
    <ClInclude Include="Demo\Components\ObjectSpawner.h" />
  </ItemGroup>
  <ItemGroup>
    <FxCompile Include="src\Shaders\PixelShader.hlsl">
      <Filter>Engine\Shaders</Filter>
    </FxCompile>
    <FxCompile Include="src\Shaders\VertexShader.hlsl">
      <Filter>Engine\Shaders</Filter>
    </FxCompile>
    <FxCompile Include="src\Shaders\VertexLayoutShader.hlsl">
      <Filter>Engine\Shaders</Filter>
    </FxCompile>
    <FxCompile Include="src\Shaders\UnlitPixelShader.hlsl">
      <Filter>Engine\Shaders</Filter>
    </FxCompile>
    <FxCompile Include="src\Shaders\PrototypePixelShader.hlsl">
      <Filter>Engine\Shaders</Filter>
    </FxCompile>
  </ItemGroup>
  <ItemGroup>
    <None Include="Demo\Components\packages.config" />
    <None Include="ClassDiagram.cd" />
  </ItemGroup>
</Project>