<?xml version="1.0" encoding="utf-8"?>
<Project ToolsVersion="4.0" xmlns="http://schemas.microsoft.com/developer/msbuild/2003">
  <ItemGroup>
    <Filter Include="Main">
      <UniqueIdentifier>{5aed8efd-55dd-493b-ae62-7922df8b047c}</UniqueIdentifier>
    </Filter>
    <Filter Include="Engine">
      <UniqueIdentifier>{5beb5d2a-2ebd-4ec8-a0b4-ebdef2914e0d}</UniqueIdentifier>
    </Filter>
    <Filter Include="Math">
      <UniqueIdentifier>{393f5ef0-2c51-43b8-904a-c66563a9d831}</UniqueIdentifier>
    </Filter>
    <Filter Include="Engine\Shader managers">
      <UniqueIdentifier>{8234e595-1252-4c98-b4d8-724735a5cc04}</UniqueIdentifier>
    </Filter>
    <Filter Include="Engine\Buffer managers">
      <UniqueIdentifier>{480a53a7-34fb-4653-a0a3-d9ecf37b9b8a}</UniqueIdentifier>
    </Filter>
    <Filter Include="Engine\Main parts">
      <UniqueIdentifier>{03562819-9250-4477-b3fd-b1f769b73492}</UniqueIdentifier>
    </Filter>
    <Filter Include="Engine\Resource managers">
      <UniqueIdentifier>{86d2f440-57b9-400f-95e1-51e775cfb365}</UniqueIdentifier>
    </Filter>
    <Filter Include="Engine\Shaders">
      <UniqueIdentifier>{454f8ea8-1d07-46dd-beeb-b9ec478e41c9}</UniqueIdentifier>
    </Filter>
    <Filter Include="Engine\Objects">
      <UniqueIdentifier>{df7b6a00-2d1a-474c-a1d7-eecc4a224298}</UniqueIdentifier>
    </Filter>
  </ItemGroup>
  <ItemGroup>
    <ClCompile Include="Main.cpp">
      <Filter>Main</Filter>
    </ClCompile>
    <ClCompile Include="AppWindow.cpp">
      <Filter>Main</Filter>
    </ClCompile>
    <ClCompile Include="VertexBuffer.cpp">
      <Filter>Engine\Buffer managers</Filter>
    </ClCompile>
    <ClCompile Include="IndexBuffer.cpp">
      <Filter>Engine\Buffer managers</Filter>
    </ClCompile>
    <ClCompile Include="ConstantBuffer.cpp">
      <Filter>Engine\Buffer managers</Filter>
    </ClCompile>
    <ClCompile Include="PixelShader.cpp">
      <Filter>Engine\Shader managers</Filter>
    </ClCompile>
    <ClCompile Include="VertexShader.cpp">
      <Filter>Engine\Shader managers</Filter>
    </ClCompile>
    <ClCompile Include="DeviceContext.cpp">
      <Filter>Engine\Main parts</Filter>
    </ClCompile>
    <ClCompile Include="GraphicsEngine.cpp">
      <Filter>Engine\Main parts</Filter>
    </ClCompile>
    <ClCompile Include="Window.cpp">
      <Filter>Engine\Main parts</Filter>
    </ClCompile>
    <ClCompile Include="SwapChain.cpp">
      <Filter>Engine\Main parts</Filter>
    </ClCompile>
    <ClCompile Include="ResourceManager.cpp">
      <Filter>Engine\Resource managers</Filter>
    </ClCompile>
    <ClCompile Include="Texture.cpp">
      <Filter>Engine\Resource managers</Filter>
    </ClCompile>
    <ClCompile Include="Input.cpp">
      <Filter>Engine\Main parts</Filter>
    </ClCompile>
    <ClCompile Include="RenderObject.cpp">
      <Filter>Engine\Objects</Filter>
    </ClCompile>
    <ClCompile Include="Resource.cpp">
      <Filter>Engine\Resource managers</Filter>
    </ClCompile>
    <ClCompile Include="Mesh.cpp">
      <Filter>Engine\Resource managers</Filter>
    </ClCompile>
    <ClCompile Include="TextureManager.cpp">
      <Filter>Engine\Resource managers</Filter>
    </ClCompile>
    <ClCompile Include="MeshRenderer.cpp">
      <Filter>Engine\Objects</Filter>
    </ClCompile>
    <ClCompile Include="MeshManager.cpp">
      <Filter>Engine\Resource managers</Filter>
    </ClCompile>
    <ClCompile Include="SkySphere.cpp">
      <Filter>Engine\Objects</Filter>
    </ClCompile>
    <ClCompile Include="Material.cpp">
      <Filter>Engine\Resource managers</Filter>
    </ClCompile>
    <ClCompile Include="GlobalResources.cpp">
      <Filter>Engine\Resource managers</Filter>
    </ClCompile>
  </ItemGroup>
  <ItemGroup>
    <ClInclude Include="AppWindow.h">
      <Filter>Main</Filter>
    </ClInclude>
    <ClInclude Include="Vector3.h">
      <Filter>Math</Filter>
    </ClInclude>
    <ClInclude Include="Matrix.h">
      <Filter>Math</Filter>
    </ClInclude>
    <ClInclude Include="Vector2.h">
      <Filter>Math</Filter>
    </ClInclude>
    <ClInclude Include="Vector4.h">
      <Filter>Math</Filter>
    </ClInclude>
    <ClInclude Include="VertexBuffer.h">
      <Filter>Engine\Buffer managers</Filter>
    </ClInclude>
    <ClInclude Include="IndexBuffer.h">
      <Filter>Engine\Buffer managers</Filter>
    </ClInclude>
    <ClInclude Include="ConstantBuffer.h">
      <Filter>Engine\Buffer managers</Filter>
    </ClInclude>
    <ClInclude Include="PixelShader.h">
      <Filter>Engine\Shader managers</Filter>
    </ClInclude>
    <ClInclude Include="VertexShader.h">
      <Filter>Engine\Shader managers</Filter>
    </ClInclude>
    <ClInclude Include="Window.h">
      <Filter>Engine\Main parts</Filter>
    </ClInclude>
    <ClInclude Include="SwapChain.h">
      <Filter>Engine\Main parts</Filter>
    </ClInclude>
    <ClInclude Include="GraphicsEngine.h">
      <Filter>Engine\Main parts</Filter>
    </ClInclude>
    <ClInclude Include="DeviceContext.h">
      <Filter>Engine\Main parts</Filter>
    </ClInclude>
    <ClInclude Include="ResourceManager.h">
      <Filter>Engine\Resource managers</Filter>
    </ClInclude>
    <ClInclude Include="Texture.h">
      <Filter>Engine\Resource managers</Filter>
    </ClInclude>
    <ClInclude Include="Input.h">
      <Filter>Engine\Main parts</Filter>
    </ClInclude>
    <ClInclude Include="RenderObject.h">
      <Filter>Engine\Objects</Filter>
    </ClInclude>
    <ClInclude Include="Resource.h">
      <Filter>Engine\Resource managers</Filter>
    </ClInclude>
    <ClInclude Include="Mesh.h">
      <Filter>Engine\Resource managers</Filter>
    </ClInclude>
    <ClInclude Include="TextureManager.h">
      <Filter>Engine\Resource managers</Filter>
    </ClInclude>
    <ClInclude Include="MeshRenderer.h">
      <Filter>Engine\Objects</Filter>
    </ClInclude>
    <ClInclude Include="MeshManager.h">
      <Filter>Engine\Resource managers</Filter>
    </ClInclude>
    <ClInclude Include="SkySphere.h">
      <Filter>Engine\Objects</Filter>
    </ClInclude>
    <ClInclude Include="Material.h">
      <Filter>Engine\Resource managers</Filter>
    </ClInclude>
    <ClInclude Include="GlobalResources.h">
      <Filter>Engine\Resource managers</Filter>
    </ClInclude>
  </ItemGroup>
  <ItemGroup>
    <FxCompile Include="PixelShader.hlsl">
      <Filter>Engine\Shaders</Filter>
    </FxCompile>
    <FxCompile Include="VertexShader.hlsl">
      <Filter>Engine\Shaders</Filter>
    </FxCompile>
    <FxCompile Include="VertexLayoutShader.hlsl">
      <Filter>Engine\Shaders</Filter>
    </FxCompile>
    <FxCompile Include="UnlitPixelShader.hlsl">
      <Filter>Engine\Shaders</Filter>
    </FxCompile>
  </ItemGroup>
  <ItemGroup>
    <None Include="packages.config" />
  </ItemGroup>
</Project>